// !$*UTF8*$!
{
	archiveVersion = 1;
	classes = {
	};
	objectVersion = 50;
	objects = {

/* Begin PBXBuildFile section */
		61E1EF3024C626480048A44A /* Model.swift in Sources */ = {isa = PBXBuildFile; fileRef = 61E1EF2F24C626480048A44A /* Model.swift */; };
		61E8ABFE24BEFE8800B58A01 /* AppDelegate.swift in Sources */ = {isa = PBXBuildFile; fileRef = 61E8ABFD24BEFE8800B58A01 /* AppDelegate.swift */; };
		61E8AC0424BEFE8B00B58A01 /* Assets.xcassets in Resources */ = {isa = PBXBuildFile; fileRef = 61E8AC0324BEFE8B00B58A01 /* Assets.xcassets */; };
		61E8AC0724BEFE8B00B58A01 /* Preview Assets.xcassets in Resources */ = {isa = PBXBuildFile; fileRef = 61E8AC0624BEFE8B00B58A01 /* Preview Assets.xcassets */; };
		61E8AC1224BEFFE000B58A01 /* HomeViewController.swift in Sources */ = {isa = PBXBuildFile; fileRef = 61E8AC1124BEFFE000B58A01 /* HomeViewController.swift */; };
		61E8AC1A24C055AA00B58A01 /* UIImageView+Extention.swift in Sources */ = {isa = PBXBuildFile; fileRef = 61E8AC1924C055A900B58A01 /* UIImageView+Extention.swift */; };
		61E8AC1E24C0577400B58A01 /* SelectorTableViewCell.swift in Sources */ = {isa = PBXBuildFile; fileRef = 61E8AC1D24C0577400B58A01 /* SelectorTableViewCell.swift */; };
/* End PBXBuildFile section */

/* Begin PBXFileReference section */
		61E1EF2F24C626480048A44A /* Model.swift */ = {isa = PBXFileReference; lastKnownFileType = sourcecode.swift; path = Model.swift; sourceTree = "<group>"; };
		61E8ABFA24BEFE8800B58A01 /* TestPryaniky.app */ = {isa = PBXFileReference; explicitFileType = wrapper.application; includeInIndex = 0; path = TestPryaniky.app; sourceTree = BUILT_PRODUCTS_DIR; };
		61E8ABFD24BEFE8800B58A01 /* AppDelegate.swift */ = {isa = PBXFileReference; lastKnownFileType = sourcecode.swift; path = AppDelegate.swift; sourceTree = "<group>"; };
		61E8AC0324BEFE8B00B58A01 /* Assets.xcassets */ = {isa = PBXFileReference; lastKnownFileType = folder.assetcatalog; path = Assets.xcassets; sourceTree = "<group>"; };
		61E8AC0624BEFE8B00B58A01 /* Preview Assets.xcassets */ = {isa = PBXFileReference; lastKnownFileType = folder.assetcatalog; path = "Preview Assets.xcassets"; sourceTree = "<group>"; };
		61E8AC0B24BEFE8B00B58A01 /* Info.plist */ = {isa = PBXFileReference; lastKnownFileType = text.plist.xml; path = Info.plist; sourceTree = "<group>"; };
		61E8AC1124BEFFE000B58A01 /* HomeViewController.swift */ = {isa = PBXFileReference; lastKnownFileType = sourcecode.swift; path = HomeViewController.swift; sourceTree = "<group>"; };
		61E8AC1924C055A900B58A01 /* UIImageView+Extention.swift */ = {isa = PBXFileReference; lastKnownFileType = sourcecode.swift; path = "UIImageView+Extention.swift"; sourceTree = "<group>"; };
		61E8AC1D24C0577400B58A01 /* SelectorTableViewCell.swift */ = {isa = PBXFileReference; lastKnownFileType = sourcecode.swift; path = SelectorTableViewCell.swift; sourceTree = "<group>"; };
/* End PBXFileReference section */

/* Begin PBXFrameworksBuildPhase section */
		61E8ABF724BEFE8800B58A01 /* Frameworks */ = {
			isa = PBXFrameworksBuildPhase;
			buildActionMask = 2147483647;
			files = (
			);
			runOnlyForDeploymentPostprocessing = 0;
		};
/* End PBXFrameworksBuildPhase section */

/* Begin PBXGroup section */
		61E1EF3124C654430048A44A /* Extentions */ = {
			isa = PBXGroup;
			children = (
				61E8AC1924C055A900B58A01 /* UIImageView+Extention.swift */,
			);
			path = Extentions;
			sourceTree = "<group>";
		};
		61E8ABF124BEFE8800B58A01 = {
			isa = PBXGroup;
			children = (
				61E8ABFC24BEFE8800B58A01 /* TestPryaniky */,
				61E8ABFB24BEFE8800B58A01 /* Products */,
			);
			sourceTree = "<group>";
		};
		61E8ABFB24BEFE8800B58A01 /* Products */ = {
			isa = PBXGroup;
			children = (
				61E8ABFA24BEFE8800B58A01 /* TestPryaniky.app */,
			);
			name = Products;
			sourceTree = "<group>";
		};
		61E8ABFC24BEFE8800B58A01 /* TestPryaniky */ = {
			isa = PBXGroup;
			children = (
				61E8ABFD24BEFE8800B58A01 /* AppDelegate.swift */,
				61E8AC1124BEFFE000B58A01 /* HomeViewController.swift */,
				61E8AC1324BF0E6400B58A01 /* Model */,
				61E8AC1824C04EB100B58A01 /* Views */,
				61E1EF3124C654430048A44A /* Extentions */,
				61E8AC0324BEFE8B00B58A01 /* Assets.xcassets */,
				61E8AC0B24BEFE8B00B58A01 /* Info.plist */,
				61E8AC0524BEFE8B00B58A01 /* Preview Content */,
			);
			path = TestPryaniky;
			sourceTree = "<group>";
		};
		61E8AC0524BEFE8B00B58A01 /* Preview Content */ = {
			isa = PBXGroup;
			children = (
				61E8AC0624BEFE8B00B58A01 /* Preview Assets.xcassets */,
			);
			path = "Preview Content";
			sourceTree = "<group>";
		};
		61E8AC1324BF0E6400B58A01 /* Model */ = {
			isa = PBXGroup;
			children = (
				61E1EF2F24C626480048A44A /* Model.swift */,
			);
			path = Model;
			sourceTree = "<group>";
		};
		61E8AC1824C04EB100B58A01 /* Views */ = {
			isa = PBXGroup;
			children = (
				61E8AC1D24C0577400B58A01 /* SelectorTableViewCell.swift */,
			);
			path = Views;
			sourceTree = "<group>";
		};
/* End PBXGroup section */

/* Begin PBXNativeTarget section */
		61E8ABF924BEFE8800B58A01 /* TestPryaniky */ = {
			isa = PBXNativeTarget;
			buildConfigurationList = 61E8AC0E24BEFE8B00B58A01 /* Build configuration list for PBXNativeTarget "TestPryaniky" */;
			buildPhases = (
				61E8ABF624BEFE8800B58A01 /* Sources */,
				61E8ABF724BEFE8800B58A01 /* Frameworks */,
				61E8ABF824BEFE8800B58A01 /* Resources */,
			);
			buildRules = (
			);
			dependencies = (
			);
			name = TestPryaniky;
			productName = TestPryaniky;
			productReference = 61E8ABFA24BEFE8800B58A01 /* TestPryaniky.app */;
			productType = "com.apple.product-type.application";
		};
/* End PBXNativeTarget section */

/* Begin PBXProject section */
		61E8ABF224BEFE8800B58A01 /* Project object */ = {
			isa = PBXProject;
			attributes = {
				LastSwiftUpdateCheck = 1140;
				LastUpgradeCheck = 1140;
				ORGANIZATIONNAME = "Лилия Левина";
				TargetAttributes = {
					61E8ABF924BEFE8800B58A01 = {
						CreatedOnToolsVersion = 11.4;
					};
				};
			};
			buildConfigurationList = 61E8ABF524BEFE8800B58A01 /* Build configuration list for PBXProject "TestPryaniky" */;
			compatibilityVersion = "Xcode 9.3";
			developmentRegion = en;
			hasScannedForEncodings = 0;
			knownRegions = (
				en,
				Base,
			);
			mainGroup = 61E8ABF124BEFE8800B58A01;
			productRefGroup = 61E8ABFB24BEFE8800B58A01 /* Products */;
			projectDirPath = "";
			projectRoot = "";
			targets = (
				61E8ABF924BEFE8800B58A01 /* TestPryaniky */,
			);
		};
/* End PBXProject section */

/* Begin PBXResourcesBuildPhase section */
		61E8ABF824BEFE8800B58A01 /* Resources */ = {
			isa = PBXResourcesBuildPhase;
			buildActionMask = 2147483647;
			files = (
				61E8AC0724BEFE8B00B58A01 /* Preview Assets.xcassets in Resources */,
				61E8AC0424BEFE8B00B58A01 /* Assets.xcassets in Resources */,
			);
			runOnlyForDeploymentPostprocessing = 0;
		};
/* End PBXResourcesBuildPhase section */

/* Begin PBXSourcesBuildPhase section */
		61E8ABF624BEFE8800B58A01 /* Sources */ = {
			isa = PBXSourcesBuildPhase;
			buildActionMask = 2147483647;
			files = (
				61E1EF3024C626480048A44A /* Model.swift in Sources */,
				61E8ABFE24BEFE8800B58A01 /* AppDelegate.swift in Sources */,
				61E8AC1224BEFFE000B58A01 /* HomeViewController.swift in Sources */,
				61E8AC1E24C0577400B58A01 /* SelectorTableViewCell.swift in Sources */,
				61E8AC1A24C055AA00B58A01 /* UIImageView+Extention.swift in Sources */,
			);
			runOnlyForDeploymentPostprocessing = 0;
		};
/* End PBXSourcesBuildPhase section */

/* Begin XCBuildConfiguration section */
		61E8AC0C24BEFE8B00B58A01 /* Debug */ = {
			isa = XCBuildConfiguration;
			buildSettings = {
				ALWAYS_SEARCH_USER_PATHS = NO;
				CLANG_ANALYZER_NONNULL = YES;
				CLANG_ANALYZER_NUMBER_OBJECT_CONVERSION = YES_AGGRESSIVE;
				CLANG_CXX_LANGUAGE_STANDARD = "gnu++14";
				CLANG_CXX_LIBRARY = "libc++";
				CLANG_ENABLE_MODULES = YES;
				CLANG_ENABLE_OBJC_ARC = YES;
				CLANG_ENABLE_OBJC_WEAK = YES;
				CLANG_WARN_BLOCK_CAPTURE_AUTORELEASING = YES;
				CLANG_WARN_BOOL_CONVERSION = YES;
				CLANG_WARN_COMMA = YES;
				CLANG_WARN_CONSTANT_CONVERSION = YES;
				CLANG_WARN_DEPRECATED_OBJC_IMPLEMENTATIONS = YES;
				CLANG_WARN_DIRECT_OBJC_ISA_USAGE = YES_ERROR;
				CLANG_WARN_DOCUMENTATION_COMMENTS = YES;
				CLANG_WARN_EMPTY_BODY = YES;
				CLANG_WARN_ENUM_CONVERSION = YES;
				CLANG_WARN_INFINITE_RECURSION = YES;
				CLANG_WARN_INT_CONVERSION = YES;
				CLANG_WARN_NON_LITERAL_NULL_CONVERSION = YES;
				CLANG_WARN_OBJC_IMPLICIT_RETAIN_SELF = YES;
				CLANG_WARN_OBJC_LITERAL_CONVERSION = YES;
				CLANG_WARN_OBJC_ROOT_CLASS = YES_ERROR;
				CLANG_WARN_RANGE_LOOP_ANALYSIS = YES;
				CLANG_WARN_STRICT_PROTOTYPES = YES;
				CLANG_WARN_SUSPICIOUS_MOVE = YES;
				CLANG_WARN_UNGUARDED_AVAILABILITY = YES_AGGRESSIVE;
				CLANG_WARN_UNREACHABLE_CODE = YES;
				CLANG_WARN__DUPLICATE_METHOD_MATCH = YES;
				COPY_PHASE_STRIP = NO;
				DEBUG_INFORMATION_FORMAT = dwarf;
				ENABLE_STRICT_OBJC_MSGSEND = YES;
				ENABLE_TESTABILITY = YES;
				GCC_C_LANGUAGE_STANDARD = gnu11;
				GCC_DYNAMIC_NO_PIC = NO;
				GCC_NO_COMMON_BLOCKS = YES;
				GCC_OPTIMIZATION_LEVEL = 0;
				GCC_PREPROCESSOR_DEFINITIONS = (
					"DEBUG=1",
					"$(inherited)",
				);
				GCC_WARN_64_TO_32_BIT_CONVERSION = YES;
				GCC_WARN_ABOUT_RETURN_TYPE = YES_ERROR;
				GCC_WARN_UNDECLARED_SELECTOR = YES;
				GCC_WARN_UNINITIALIZED_AUTOS = YES_AGGRESSIVE;
				GCC_WARN_UNUSED_FUNCTION = YES;
				GCC_WARN_UNUSED_VARIABLE = YES;
				IPHONEOS_DEPLOYMENT_TARGET = 13.4;
				MTL_ENABLE_DEBUG_INFO = INCLUDE_SOURCE;
				MTL_FAST_MATH = YES;
				ONLY_ACTIVE_ARCH = YES;
				SDKROOT = iphoneos;
				SWIFT_ACTIVE_COMPILATION_CONDITIONS = DEBUG;
				SWIFT_OPTIMIZATION_LEVEL = "-Onone";
			};
			name = Debug;
		};
		61E8AC0D24BEFE8B00B58A01 /* Release */ = {
			isa = XCBuildConfiguration;
			buildSettings = {
				ALWAYS_SEARCH_USER_PATHS = NO;
				CLANG_ANALYZER_NONNULL = YES;
				CLANG_ANALYZER_NUMBER_OBJECT_CONVERSION = YES_AGGRESSIVE;
				CLANG_CXX_LANGUAGE_STANDARD = "gnu++14";
				CLANG_CXX_LIBRARY = "libc++";
				CLANG_ENABLE_MODULES = YES;
				CLANG_ENABLE_OBJC_ARC = YES;
				CLANG_ENABLE_OBJC_WEAK = YES;
				CLANG_WARN_BLOCK_CAPTURE_AUTORELEASING = YES;
				CLANG_WARN_BOOL_CONVERSION = YES;
				CLANG_WARN_COMMA = YES;
				CLANG_WARN_CONSTANT_CONVERSION = YES;
				CLANG_WARN_DEPRECATED_OBJC_IMPLEMENTATIONS = YES;
				CLANG_WARN_DIRECT_OBJC_ISA_USAGE = YES_ERROR;
				CLANG_WARN_DOCUMENTATION_COMMENTS = YES;
				CLANG_WARN_EMPTY_BODY = YES;
				CLANG_WARN_ENUM_CONVERSION = YES;
				CLANG_WARN_INFINITE_RECURSION = YES;
				CLANG_WARN_INT_CONVERSION = YES;
				CLANG_WARN_NON_LITERAL_NULL_CONVERSION = YES;
				CLANG_WARN_OBJC_IMPLICIT_RETAIN_SELF = YES;
				CLANG_WARN_OBJC_LITERAL_CONVERSION = YES;
				CLANG_WARN_OBJC_ROOT_CLASS = YES_ERROR;
				CLANG_WARN_RANGE_LOOP_ANALYSIS = YES;
				CLANG_WARN_STRICT_PROTOTYPES = YES;
				CLANG_WARN_SUSPICIOUS_MOVE = YES;
				CLANG_WARN_UNGUARDED_AVAILABILITY = YES_AGGRESSIVE;
				CLANG_WARN_UNREACHABLE_CODE = YES;
				CLANG_WARN__DUPLICATE_METHOD_MATCH = YES;
				COPY_PHASE_STRIP = NO;
				DEBUG_INFORMATION_FORMAT = "dwarf-with-dsym";
				ENABLE_NS_ASSERTIONS = NO;
				ENABLE_STRICT_OBJC_MSGSEND = YES;
				GCC_C_LANGUAGE_STANDARD = gnu11;
				GCC_NO_COMMON_BLOCKS = YES;
				GCC_WARN_64_TO_32_BIT_CONVERSION = YES;
				GCC_WARN_ABOUT_RETURN_TYPE = YES_ERROR;
				GCC_WARN_UNDECLARED_SELECTOR = YES;
				GCC_WARN_UNINITIALIZED_AUTOS = YES_AGGRESSIVE;
				GCC_WARN_UNUSED_FUNCTION = YES;
				GCC_WARN_UNUSED_VARIABLE = YES;
				IPHONEOS_DEPLOYMENT_TARGET = 13.4;
				MTL_ENABLE_DEBUG_INFO = NO;
				MTL_FAST_MATH = YES;
				SDKROOT = iphoneos;
				SWIFT_COMPILATION_MODE = wholemodule;
				SWIFT_OPTIMIZATION_LEVEL = "-O";
				VALIDATE_PRODUCT = YES;
			};
			name = Release;
		};
		61E8AC0F24BEFE8B00B58A01 /* Debug */ = {
			isa = XCBuildConfiguration;
			buildSettings = {
				ASSETCATALOG_COMPILER_APPICON_NAME = AppIcon;
				CODE_SIGN_STYLE = Automatic;
				DEVELOPMENT_ASSET_PATHS = "\"TestPryaniky/Preview Content\"";
				DEVELOPMENT_TEAM = 9A9LR934E6;
				ENABLE_PREVIEWS = YES;
				INFOPLIST_FILE = TestPryaniky/Info.plist;
				LD_RUNPATH_SEARCH_PATHS = (
					"$(inherited)",
					"@executable_path/Frameworks",
				);
				PRODUCT_BUNDLE_IDENTIFIER = L887ddd877.com.TestPryaniky;
				PRODUCT_NAME = "$(TARGET_NAME)";
				SWIFT_VERSION = 5.0;
				TARGETED_DEVICE_FAMILY = "1,2";
			};
			name = Debug;
		};
		61E8AC1024BEFE8B00B58A01 /* Release */ = {
			isa = XCBuildConfiguration;
			buildSettings = {
				ASSETCATALOG_COMPILER_APPICON_NAME = AppIcon;
				CODE_SIGN_STYLE = Automatic;
				DEVELOPMENT_ASSET_PATHS = "\"TestPryaniky/Preview Content\"";
				DEVELOPMENT_TEAM = 9A9LR934E6;
				ENABLE_PREVIEWS = YES;
				INFOPLIST_FILE = TestPryaniky/Info.plist;
				LD_RUNPATH_SEARCH_PATHS = (
					"$(inherited)",
					"@executable_path/Frameworks",
				);
				PRODUCT_BUNDLE_IDENTIFIER = L887ddd877.com.TestPryaniky;
				PRODUCT_NAME = "$(TARGET_NAME)";
				SWIFT_VERSION = 5.0;
				TARGETED_DEVICE_FAMILY = "1,2";
			};
			name = Release;
		};
/* End XCBuildConfiguration section */

/* Begin XCConfigurationList section */
		61E8ABF524BEFE8800B58A01 /* Build configuration list for PBXProject "TestPryaniky" */ = {
			isa = XCConfigurationList;
			buildConfigurations = (
				61E8AC0C24BEFE8B00B58A01 /* Debug */,
				61E8AC0D24BEFE8B00B58A01 /* Release */,
			);
			defaultConfigurationIsVisible = 0;
			defaultConfigurationName = Release;
		};
		61E8AC0E24BEFE8B00B58A01 /* Build configuration list for PBXNativeTarget "TestPryaniky" */ = {
			isa = XCConfigurationList;
			buildConfigurations = (
				61E8AC0F24BEFE8B00B58A01 /* Debug */,
				61E8AC1024BEFE8B00B58A01 /* Release */,
			);
			defaultConfigurationIsVisible = 0;
			defaultConfigurationName = Release;
		};
/* End XCConfigurationList section */
	};
	rootObject = 61E8ABF224BEFE8800B58A01 /* Project object */;
}
